
Microsoft Visual Studio Solution File, Format Version 12.00
# Visual Studio Version 17
VisualStudioVersion = 17.2.32602.215
MinimumVisualStudioVersion = 10.0.40219.1
Project("{FAE04EC0-301F-11D3-BF4B-00C04F79EFBC}") = "UpcastingAndDowncasting", "UpcastingAndDowncasting\UpcastingAndDowncasting.csproj", "{145FAF07-CEFC-4EDA-A6D0-107C324715EB}"
EndProject
Global
	GlobalSection(SolutionConfigurationPlatforms) = preSolution
		Debug|Any CPU = Debug|Any CPU
		Release|Any CPU = Release|Any CPU
	EndGlobalSection
	GlobalSection(ProjectConfigurationPlatforms) = postSolution
		{145FAF07-CEFC-4EDA-A6D0-107C324715EB}.Debug|Any CPU.ActiveCfg = Debug|Any CPU
		{145FAF07-CEFC-4EDA-A6D0-107C324715EB}.Debug|Any CPU.Build.0 = Debug|Any CPU
		{145FAF07-CEFC-4EDA-A6D0-107C324715EB}.Release|Any CPU.ActiveCfg = Release|Any CPU
		{145FAF07-CEFC-4EDA-A6D0-107C324715EB}.Release|Any CPU.Build.0 = Release|Any CPU
	EndGlobalSection
	GlobalSection(SolutionProperties) = preSolution
		HideSolutionNode = FALSE
	EndGlobalSection
	GlobalSection(ExtensibilityGlobals) = postSolution
		SolutionGuid = {77A7FAE2-AFCB-40D2-B4B1-9D206236AAC8}
	EndGlobalSection
EndGlobal
