
Microsoft Visual Studio Solution File, Format Version 12.00
# Visual Studio Version 17
VisualStudioVersion = 17.2.32602.215
MinimumVisualStudioVersion = 10.0.40219.1
Project("{FAE04EC0-301F-11D3-BF4B-00C04F79EFBC}") = "Downcasting", "Downcasting\Downcasting.csproj", "{7E09F94B-89B6-46FB-A624-16EE887A8881}"
EndProject
Global
	GlobalSection(SolutionConfigurationPlatforms) = preSolution
		Debug|Any CPU = Debug|Any CPU
		Release|Any CPU = Release|Any CPU
	EndGlobalSection
	GlobalSection(ProjectConfigurationPlatforms) = postSolution
		{7E09F94B-89B6-46FB-A624-16EE887A8881}.Debug|Any CPU.ActiveCfg = Debug|Any CPU
		{7E09F94B-89B6-46FB-A624-16EE887A8881}.Debug|Any CPU.Build.0 = Debug|Any CPU
		{7E09F94B-89B6-46FB-A624-16EE887A8881}.Release|Any CPU.ActiveCfg = Release|Any CPU
		{7E09F94B-89B6-46FB-A624-16EE887A8881}.Release|Any CPU.Build.0 = Release|Any CPU
	EndGlobalSection
	GlobalSection(SolutionProperties) = preSolution
		HideSolutionNode = FALSE
	EndGlobalSection
	GlobalSection(ExtensibilityGlobals) = postSolution
		SolutionGuid = {1402E1F4-C666-48A5-8EFD-A9F2E19B8E56}
	EndGlobalSection
EndGlobal
