
Microsoft Visual Studio Solution File, Format Version 12.00
# Visual Studio Version 17
VisualStudioVersion = 17.2.32602.215
MinimumVisualStudioVersion = 10.0.40219.1
Project("{FAE04EC0-301F-11D3-BF4B-00C04F79EFBC}") = "AccessModifiers2", "AccessModifiers2\AccessModifiers2.csproj", "{BC326583-5C17-411A-8636-96E0C87C07DC}"
EndProject
Project("{FAE04EC0-301F-11D3-BF4B-00C04F79EFBC}") = "Amazon", "Amazon\Amazon.csproj", "{FC2FA3B9-9BD2-4257-BD76-32FA0274B7DF}"
EndProject
Global
	GlobalSection(SolutionConfigurationPlatforms) = preSolution
		Debug|Any CPU = Debug|Any CPU
		Release|Any CPU = Release|Any CPU
	EndGlobalSection
	GlobalSection(ProjectConfigurationPlatforms) = postSolution
		{BC326583-5C17-411A-8636-96E0C87C07DC}.Debug|Any CPU.ActiveCfg = Debug|Any CPU
		{BC326583-5C17-411A-8636-96E0C87C07DC}.Debug|Any CPU.Build.0 = Debug|Any CPU
		{BC326583-5C17-411A-8636-96E0C87C07DC}.Release|Any CPU.ActiveCfg = Release|Any CPU
		{BC326583-5C17-411A-8636-96E0C87C07DC}.Release|Any CPU.Build.0 = Release|Any CPU
		{FC2FA3B9-9BD2-4257-BD76-32FA0274B7DF}.Debug|Any CPU.ActiveCfg = Debug|Any CPU
		{FC2FA3B9-9BD2-4257-BD76-32FA0274B7DF}.Debug|Any CPU.Build.0 = Debug|Any CPU
		{FC2FA3B9-9BD2-4257-BD76-32FA0274B7DF}.Release|Any CPU.ActiveCfg = Release|Any CPU
		{FC2FA3B9-9BD2-4257-BD76-32FA0274B7DF}.Release|Any CPU.Build.0 = Release|Any CPU
	EndGlobalSection
	GlobalSection(SolutionProperties) = preSolution
		HideSolutionNode = FALSE
	EndGlobalSection
	GlobalSection(ExtensibilityGlobals) = postSolution
		SolutionGuid = {529ECB43-8493-4F42-AB15-3FD65E78AF8D}
	EndGlobalSection
EndGlobal
