
Microsoft Visual Studio Solution File, Format Version 12.00
# Visual Studio Version 17
VisualStudioVersion = 17.1.32421.90
MinimumVisualStudioVersion = 10.0.40219.1
Project("{FAE04EC0-301F-11D3-BF4B-00C04F79EFBC}") = "StringBuilder", "StringBuilder\StringBuilder.csproj", "{B64035F5-457B-45C1-AEC4-EC10A4D387AB}"
EndProject
Global
	GlobalSection(SolutionConfigurationPlatforms) = preSolution
		Debug|Any CPU = Debug|Any CPU
		Release|Any CPU = Release|Any CPU
	EndGlobalSection
	GlobalSection(ProjectConfigurationPlatforms) = postSolution
		{B64035F5-457B-45C1-AEC4-EC10A4D387AB}.Debug|Any CPU.ActiveCfg = Debug|Any CPU
		{B64035F5-457B-45C1-AEC4-EC10A4D387AB}.Debug|Any CPU.Build.0 = Debug|Any CPU
		{B64035F5-457B-45C1-AEC4-EC10A4D387AB}.Release|Any CPU.ActiveCfg = Release|Any CPU
		{B64035F5-457B-45C1-AEC4-EC10A4D387AB}.Release|Any CPU.Build.0 = Release|Any CPU
	EndGlobalSection
	GlobalSection(SolutionProperties) = preSolution
		HideSolutionNode = FALSE
	EndGlobalSection
	GlobalSection(ExtensibilityGlobals) = postSolution
		SolutionGuid = {CC3C3C6A-3A57-45D8-A11F-E75F09F457A5}
	EndGlobalSection
EndGlobal
