
Microsoft Visual Studio Solution File, Format Version 12.00
# Visual Studio Version 17
VisualStudioVersion = 17.1.32421.90
MinimumVisualStudioVersion = 10.0.40219.1
Project("{FAE04EC0-301F-11D3-BF4B-00C04F79EFBC}") = "ReferenceCont", "ReferenceCont\ReferenceCont.csproj", "{84E0C615-8834-4508-A2A5-173175C23BFD}"
EndProject
Global
	GlobalSection(SolutionConfigurationPlatforms) = preSolution
		Debug|Any CPU = Debug|Any CPU
		Release|Any CPU = Release|Any CPU
	EndGlobalSection
	GlobalSection(ProjectConfigurationPlatforms) = postSolution
		{84E0C615-8834-4508-A2A5-173175C23BFD}.Debug|Any CPU.ActiveCfg = Debug|Any CPU
		{84E0C615-8834-4508-A2A5-173175C23BFD}.Debug|Any CPU.Build.0 = Debug|Any CPU
		{84E0C615-8834-4508-A2A5-173175C23BFD}.Release|Any CPU.ActiveCfg = Release|Any CPU
		{84E0C615-8834-4508-A2A5-173175C23BFD}.Release|Any CPU.Build.0 = Release|Any CPU
	EndGlobalSection
	GlobalSection(SolutionProperties) = preSolution
		HideSolutionNode = FALSE
	EndGlobalSection
	GlobalSection(ExtensibilityGlobals) = postSolution
		SolutionGuid = {27722B0E-3B52-4B4E-AE14-C8E973192E89}
	EndGlobalSection
EndGlobal
