
Microsoft Visual Studio Solution File, Format Version 12.00
# Visual Studio Version 17
VisualStudioVersion = 17.2.32602.215
MinimumVisualStudioVersion = 10.0.40219.1
Project("{FAE04EC0-301F-11D3-BF4B-00C04F79EFBC}") = "Section9Excercises", "Section9Excercises\Section9Excercises.csproj", "{92C4592C-9693-4289-81E0-8678184EDA15}"
EndProject
Global
	GlobalSection(SolutionConfigurationPlatforms) = preSolution
		Debug|Any CPU = Debug|Any CPU
		Release|Any CPU = Release|Any CPU
	EndGlobalSection
	GlobalSection(ProjectConfigurationPlatforms) = postSolution
		{92C4592C-9693-4289-81E0-8678184EDA15}.Debug|Any CPU.ActiveCfg = Debug|Any CPU
		{92C4592C-9693-4289-81E0-8678184EDA15}.Debug|Any CPU.Build.0 = Debug|Any CPU
		{92C4592C-9693-4289-81E0-8678184EDA15}.Release|Any CPU.ActiveCfg = Release|Any CPU
		{92C4592C-9693-4289-81E0-8678184EDA15}.Release|Any CPU.Build.0 = Release|Any CPU
	EndGlobalSection
	GlobalSection(SolutionProperties) = preSolution
		HideSolutionNode = FALSE
	EndGlobalSection
	GlobalSection(ExtensibilityGlobals) = postSolution
		SolutionGuid = {354DCE0C-F286-4D63-B314-EC5F41557822}
	EndGlobalSection
EndGlobal
