
Microsoft Visual Studio Solution File, Format Version 12.00
# Visual Studio Version 17
VisualStudioVersion = 17.1.32421.90
MinimumVisualStudioVersion = 10.0.40219.1
Project("{FAE04EC0-301F-11D3-BF4B-00C04F79EFBC}") = "Strings", "Strings\Strings.csproj", "{F55DDAF8-F4D5-4184-9FB4-0AB9FFEDABA7}"
EndProject
Global
	GlobalSection(SolutionConfigurationPlatforms) = preSolution
		Debug|Any CPU = Debug|Any CPU
		Release|Any CPU = Release|Any CPU
	EndGlobalSection
	GlobalSection(ProjectConfigurationPlatforms) = postSolution
		{F55DDAF8-F4D5-4184-9FB4-0AB9FFEDABA7}.Debug|Any CPU.ActiveCfg = Debug|Any CPU
		{F55DDAF8-F4D5-4184-9FB4-0AB9FFEDABA7}.Debug|Any CPU.Build.0 = Debug|Any CPU
		{F55DDAF8-F4D5-4184-9FB4-0AB9FFEDABA7}.Release|Any CPU.ActiveCfg = Release|Any CPU
		{F55DDAF8-F4D5-4184-9FB4-0AB9FFEDABA7}.Release|Any CPU.Build.0 = Release|Any CPU
	EndGlobalSection
	GlobalSection(SolutionProperties) = preSolution
		HideSolutionNode = FALSE
	EndGlobalSection
	GlobalSection(ExtensibilityGlobals) = postSolution
		SolutionGuid = {76999EB0-A7DD-476C-BF10-4629B43CB13D}
	EndGlobalSection
EndGlobal
