
Microsoft Visual Studio Solution File, Format Version 12.00
# Visual Studio Version 17
VisualStudioVersion = 17.1.32421.90
MinimumVisualStudioVersion = 10.0.40219.1
Project("{FAE04EC0-301F-11D3-BF4B-00C04F79EFBC}") = "Iterations", "Iterations\Iterations.csproj", "{5DF8C530-A2B7-4831-A6ED-8D0800099A24}"
EndProject
Global
	GlobalSection(SolutionConfigurationPlatforms) = preSolution
		Debug|Any CPU = Debug|Any CPU
		Release|Any CPU = Release|Any CPU
	EndGlobalSection
	GlobalSection(ProjectConfigurationPlatforms) = postSolution
		{5DF8C530-A2B7-4831-A6ED-8D0800099A24}.Debug|Any CPU.ActiveCfg = Debug|Any CPU
		{5DF8C530-A2B7-4831-A6ED-8D0800099A24}.Debug|Any CPU.Build.0 = Debug|Any CPU
		{5DF8C530-A2B7-4831-A6ED-8D0800099A24}.Release|Any CPU.ActiveCfg = Release|Any CPU
		{5DF8C530-A2B7-4831-A6ED-8D0800099A24}.Release|Any CPU.Build.0 = Release|Any CPU
	EndGlobalSection
	GlobalSection(SolutionProperties) = preSolution
		HideSolutionNode = FALSE
	EndGlobalSection
	GlobalSection(ExtensibilityGlobals) = postSolution
		SolutionGuid = {D8665C1A-B78F-4BAC-A114-92023394182C}
	EndGlobalSection
EndGlobal
