
Microsoft Visual Studio Solution File, Format Version 12.00
# Visual Studio Version 17
VisualStudioVersion = 17.2.32602.215
MinimumVisualStudioVersion = 10.0.40219.1
Project("{FAE04EC0-301F-11D3-BF4B-00C04F79EFBC}") = "Inheritance", "Inheritance\Inheritance.csproj", "{AEA8D472-EC18-4FC4-9E66-9C81DE00C7F0}"
EndProject
Global
	GlobalSection(SolutionConfigurationPlatforms) = preSolution
		Debug|Any CPU = Debug|Any CPU
		Release|Any CPU = Release|Any CPU
	EndGlobalSection
	GlobalSection(ProjectConfigurationPlatforms) = postSolution
		{AEA8D472-EC18-4FC4-9E66-9C81DE00C7F0}.Debug|Any CPU.ActiveCfg = Debug|Any CPU
		{AEA8D472-EC18-4FC4-9E66-9C81DE00C7F0}.Debug|Any CPU.Build.0 = Debug|Any CPU
		{AEA8D472-EC18-4FC4-9E66-9C81DE00C7F0}.Release|Any CPU.ActiveCfg = Release|Any CPU
		{AEA8D472-EC18-4FC4-9E66-9C81DE00C7F0}.Release|Any CPU.Build.0 = Release|Any CPU
	EndGlobalSection
	GlobalSection(SolutionProperties) = preSolution
		HideSolutionNode = FALSE
	EndGlobalSection
	GlobalSection(ExtensibilityGlobals) = postSolution
		SolutionGuid = {CC6F0C87-7252-4E1E-94FD-12FFD1ACAF37}
	EndGlobalSection
EndGlobal
